
Microsoft Visual Studio Solution File, Format Version 12.00
# Visual Studio Version 17
VisualStudioVersion = 17.3.32922.545
MinimumVisualStudioVersion = 10.0.40219.1
Project("{FAE04EC0-301F-11D3-BF4B-00C04F79EFBC}") = "Demo", "Demo\Demo.csproj", "{788FAD7E-C07D-4EC8-BA94-81C87487304F}"
EndProject
Project("{FAE04EC0-301F-11D3-BF4B-00C04F79EFBC}") = "Core", "Core\Core.csproj", "{545B223B-5EFA-47EA-8D06-164C7C7EAAF0}"
EndProject
Global
	GlobalSection(SolutionConfigurationPlatforms) = preSolution
		Debug|x64 = Debug|x64
		Release|x64 = Release|x64
	EndGlobalSection
	GlobalSection(ProjectConfigurationPlatforms) = postSolution
		{788FAD7E-C07D-4EC8-BA94-81C87487304F}.Debug|x64.ActiveCfg = Debug|x64
		{788FAD7E-C07D-4EC8-BA94-81C87487304F}.Debug|x64.Build.0 = Debug|x64
		{788FAD7E-C07D-4EC8-BA94-81C87487304F}.Release|x64.ActiveCfg = Release|x64
		{788FAD7E-C07D-4EC8-BA94-81C87487304F}.Release|x64.Build.0 = Release|x64
		{545B223B-5EFA-47EA-8D06-164C7C7EAAF0}.Debug|x64.ActiveCfg = Debug|x64
		{545B223B-5EFA-47EA-8D06-164C7C7EAAF0}.Debug|x64.Build.0 = Debug|x64
		{545B223B-5EFA-47EA-8D06-164C7C7EAAF0}.Release|x64.ActiveCfg = Release|x64
		{545B223B-5EFA-47EA-8D06-164C7C7EAAF0}.Release|x64.Build.0 = Release|x64
	EndGlobalSection
	GlobalSection(SolutionProperties) = preSolution
		HideSolutionNode = FALSE
	EndGlobalSection
	GlobalSection(ExtensibilityGlobals) = postSolution
		SolutionGuid = {BB408DA6-6F54-45EA-A6F4-E6D39737AB65}
	EndGlobalSection
EndGlobal
